
Microsoft Visual Studio Solution File, Format Version 12.00
# Visual Studio 15
VisualStudioVersion = 15.0.26730.15
MinimumVisualStudioVersion = 10.0.40219.1
Project("{FAE04EC0-301F-11D3-BF4B-00C04F79EFBC}") = "Tasky.Android", "Tasky\Tasky.Android\Tasky.Android.csproj", "{07273244-4319-4309-8B91-23AAD2F0C607}"
EndProject
Project("{FAE04EC0-301F-11D3-BF4B-00C04F79EFBC}") = "Tasky.iOS", "Tasky\Tasky.iOS\Tasky.iOS.csproj", "{D9CD6D2E-CA3E-4B7B-A900-937ECEC15BF9}"
EndProject
Project("{FAE04EC0-301F-11D3-BF4B-00C04F79EFBC}") = "Tasky.UWP", "Tasky\Tasky.UWP\Tasky.UWP.csproj", "{8F680F05-7815-4B0E-A001-5C818EDC5BF2}"
EndProject
Project("{FAE04EC0-301F-11D3-BF4B-00C04F79EFBC}") = "Tasky", "Tasky\Tasky\Tasky.csproj", "{43ADE3AF-BDDD-4E8C-9D78-1C7FA51E5600}"
EndProject
Global
	GlobalSection(SolutionConfigurationPlatforms) = preSolution
		Debug|Any CPU = Debug|Any CPU
		Debug|ARM = Debug|ARM
		Debug|iPhone = Debug|iPhone
		Debug|iPhoneSimulator = Debug|iPhoneSimulator
		Debug|x64 = Debug|x64
		Debug|x86 = Debug|x86
		Release|Any CPU = Release|Any CPU
		Release|ARM = Release|ARM
		Release|iPhone = Release|iPhone
		Release|iPhoneSimulator = Release|iPhoneSimulator
		Release|x64 = Release|x64
		Release|x86 = Release|x86
	EndGlobalSection
	GlobalSection(ProjectConfigurationPlatforms) = postSolution
		{07273244-4319-4309-8B91-23AAD2F0C607}.Debug|Any CPU.ActiveCfg = Debug|Any CPU
		{07273244-4319-4309-8B91-23AAD2F0C607}.Debug|Any CPU.Build.0 = Debug|Any CPU
		{07273244-4319-4309-8B91-23AAD2F0C607}.Debug|Any CPU.Deploy.0 = Debug|Any CPU
		{07273244-4319-4309-8B91-23AAD2F0C607}.Debug|ARM.ActiveCfg = Debug|Any CPU
		{07273244-4319-4309-8B91-23AAD2F0C607}.Debug|ARM.Build.0 = Debug|Any CPU
		{07273244-4319-4309-8B91-23AAD2F0C607}.Debug|ARM.Deploy.0 = Debug|Any CPU
		{07273244-4319-4309-8B91-23AAD2F0C607}.Debug|iPhone.ActiveCfg = Debug|Any CPU
		{07273244-4319-4309-8B91-23AAD2F0C607}.Debug|iPhone.Build.0 = Debug|Any CPU
		{07273244-4319-4309-8B91-23AAD2F0C607}.Debug|iPhone.Deploy.0 = Debug|Any CPU
		{07273244-4319-4309-8B91-23AAD2F0C607}.Debug|iPhoneSimulator.ActiveCfg = Debug|Any CPU
		{07273244-4319-4309-8B91-23AAD2F0C607}.Debug|iPhoneSimulator.Build.0 = Debug|Any CPU
		{07273244-4319-4309-8B91-23AAD2F0C607}.Debug|iPhoneSimulator.Deploy.0 = Debug|Any CPU
		{07273244-4319-4309-8B91-23AAD2F0C607}.Debug|x64.ActiveCfg = Debug|Any CPU
		{07273244-4319-4309-8B91-23AAD2F0C607}.Debug|x64.Build.0 = Debug|Any CPU
		{07273244-4319-4309-8B91-23AAD2F0C607}.Debug|x64.Deploy.0 = Debug|Any CPU
		{07273244-4319-4309-8B91-23AAD2F0C607}.Debug|x86.ActiveCfg = Debug|Any CPU
		{07273244-4319-4309-8B91-23AAD2F0C607}.Debug|x86.Build.0 = Debug|Any CPU
		{07273244-4319-4309-8B91-23AAD2F0C607}.Debug|x86.Deploy.0 = Debug|Any CPU
		{07273244-4319-4309-8B91-23AAD2F0C607}.Release|Any CPU.ActiveCfg = Release|Any CPU
		{07273244-4319-4309-8B91-23AAD2F0C607}.Release|Any CPU.Build.0 = Release|Any CPU
		{07273244-4319-4309-8B91-23AAD2F0C607}.Release|Any CPU.Deploy.0 = Release|Any CPU
		{07273244-4319-4309-8B91-23AAD2F0C607}.Release|ARM.ActiveCfg = Release|Any CPU
		{07273244-4319-4309-8B91-23AAD2F0C607}.Release|ARM.Build.0 = Release|Any CPU
		{07273244-4319-4309-8B91-23AAD2F0C607}.Release|ARM.Deploy.0 = Release|Any CPU
		{07273244-4319-4309-8B91-23AAD2F0C607}.Release|iPhone.ActiveCfg = Release|Any CPU
		{07273244-4319-4309-8B91-23AAD2F0C607}.Release|iPhone.Build.0 = Release|Any CPU
		{07273244-4319-4309-8B91-23AAD2F0C607}.Release|iPhone.Deploy.0 = Release|Any CPU
		{07273244-4319-4309-8B91-23AAD2F0C607}.Release|iPhoneSimulator.ActiveCfg = Release|Any CPU
		{07273244-4319-4309-8B91-23AAD2F0C607}.Release|iPhoneSimulator.Build.0 = Release|Any CPU
		{07273244-4319-4309-8B91-23AAD2F0C607}.Release|iPhoneSimulator.Deploy.0 = Release|Any CPU
		{07273244-4319-4309-8B91-23AAD2F0C607}.Release|x64.ActiveCfg = Release|Any CPU
		{07273244-4319-4309-8B91-23AAD2F0C607}.Release|x64.Build.0 = Release|Any CPU
		{07273244-4319-4309-8B91-23AAD2F0C607}.Release|x64.Deploy.0 = Release|Any CPU
		{07273244-4319-4309-8B91-23AAD2F0C607}.Release|x86.ActiveCfg = Release|Any CPU
		{07273244-4319-4309-8B91-23AAD2F0C607}.Release|x86.Build.0 = Release|Any CPU
		{07273244-4319-4309-8B91-23AAD2F0C607}.Release|x86.Deploy.0 = Release|Any CPU
		{D9CD6D2E-CA3E-4B7B-A900-937ECEC15BF9}.Debug|Any CPU.ActiveCfg = Debug|iPhone
		{D9CD6D2E-CA3E-4B7B-A900-937ECEC15BF9}.Debug|ARM.ActiveCfg = Debug|iPhone
		{D9CD6D2E-CA3E-4B7B-A900-937ECEC15BF9}.Debug|iPhone.ActiveCfg = Debug|iPhone
		{D9CD6D2E-CA3E-4B7B-A900-937ECEC15BF9}.Debug|iPhone.Build.0 = Debug|iPhone
		{D9CD6D2E-CA3E-4B7B-A900-937ECEC15BF9}.Debug|iPhoneSimulator.ActiveCfg = Debug|iPhoneSimulator
		{D9CD6D2E-CA3E-4B7B-A900-937ECEC15BF9}.Debug|iPhoneSimulator.Build.0 = Debug|iPhoneSimulator
		{D9CD6D2E-CA3E-4B7B-A900-937ECEC15BF9}.Debug|x64.ActiveCfg = Debug|iPhone
		{D9CD6D2E-CA3E-4B7B-A900-937ECEC15BF9}.Debug|x86.ActiveCfg = Debug|iPhone
		{D9CD6D2E-CA3E-4B7B-A900-937ECEC15BF9}.Release|Any CPU.ActiveCfg = Release|iPhone
		{D9CD6D2E-CA3E-4B7B-A900-937ECEC15BF9}.Release|ARM.ActiveCfg = Release|iPhone
		{D9CD6D2E-CA3E-4B7B-A900-937ECEC15BF9}.Release|iPhone.ActiveCfg = Release|iPhone
		{D9CD6D2E-CA3E-4B7B-A900-937ECEC15BF9}.Release|iPhone.Build.0 = Release|iPhone
		{D9CD6D2E-CA3E-4B7B-A900-937ECEC15BF9}.Release|iPhoneSimulator.ActiveCfg = Release|iPhoneSimulator
		{D9CD6D2E-CA3E-4B7B-A900-937ECEC15BF9}.Release|iPhoneSimulator.Build.0 = Release|iPhoneSimulator
		{D9CD6D2E-CA3E-4B7B-A900-937ECEC15BF9}.Release|x64.ActiveCfg = Release|iPhone
		{D9CD6D2E-CA3E-4B7B-A900-937ECEC15BF9}.Release|x86.ActiveCfg = Release|iPhone
		{8F680F05-7815-4B0E-A001-5C818EDC5BF2}.Debug|Any CPU.ActiveCfg = Debug|x86
		{8F680F05-7815-4B0E-A001-5C818EDC5BF2}.Debug|ARM.ActiveCfg = Debug|ARM
		{8F680F05-7815-4B0E-A001-5C818EDC5BF2}.Debug|ARM.Build.0 = Debug|ARM
		{8F680F05-7815-4B0E-A001-5C818EDC5BF2}.Debug|ARM.Deploy.0 = Debug|ARM
		{8F680F05-7815-4B0E-A001-5C818EDC5BF2}.Debug|iPhone.ActiveCfg = Debug|x86
		{8F680F05-7815-4B0E-A001-5C818EDC5BF2}.Debug|iPhoneSimulator.ActiveCfg = Debug|x86
		{8F680F05-7815-4B0E-A001-5C818EDC5BF2}.Debug|x64.ActiveCfg = Debug|x64
		{8F680F05-7815-4B0E-A001-5C818EDC5BF2}.Debug|x64.Build.0 = Debug|x64
		{8F680F05-7815-4B0E-A001-5C818EDC5BF2}.Debug|x64.Deploy.0 = Debug|x64
		{8F680F05-7815-4B0E-A001-5C818EDC5BF2}.Debug|x86.ActiveCfg = Debug|x86
		{8F680F05-7815-4B0E-A001-5C818EDC5BF2}.Debug|x86.Build.0 = Debug|x86
		{8F680F05-7815-4B0E-A001-5C818EDC5BF2}.Debug|x86.Deploy.0 = Debug|x86
		{8F680F05-7815-4B0E-A001-5C818EDC5BF2}.Release|Any CPU.ActiveCfg = Release|x86
		{8F680F05-7815-4B0E-A001-5C818EDC5BF2}.Release|ARM.ActiveCfg = Release|ARM
		{8F680F05-7815-4B0E-A001-5C818EDC5BF2}.Release|ARM.Build.0 = Release|ARM
		{8F680F05-7815-4B0E-A001-5C818EDC5BF2}.Release|ARM.Deploy.0 = Release|ARM
		{8F680F05-7815-4B0E-A001-5C818EDC5BF2}.Release|iPhone.ActiveCfg = Release|x86
		{8F680F05-7815-4B0E-A001-5C818EDC5BF2}.Release|iPhoneSimulator.ActiveCfg = Release|x86
		{8F680F05-7815-4B0E-A001-5C818EDC5BF2}.Release|x64.ActiveCfg = Release|x64
		{8F680F05-7815-4B0E-A001-5C818EDC5BF2}.Release|x64.Build.0 = Release|x64
		{8F680F05-7815-4B0E-A001-5C818EDC5BF2}.Release|x64.Deploy.0 = Release|x64
		{8F680F05-7815-4B0E-A001-5C818EDC5BF2}.Release|x86.ActiveCfg = Release|x86
		{8F680F05-7815-4B0E-A001-5C818EDC5BF2}.Release|x86.Build.0 = Release|x86
		{8F680F05-7815-4B0E-A001-5C818EDC5BF2}.Release|x86.Deploy.0 = Release|x86
		{43ADE3AF-BDDD-4E8C-9D78-1C7FA51E5600}.Debug|Any CPU.ActiveCfg = Debug|Any CPU
		{43ADE3AF-BDDD-4E8C-9D78-1C7FA51E5600}.Debug|Any CPU.Build.0 = Debug|Any CPU
		{43ADE3AF-BDDD-4E8C-9D78-1C7FA51E5600}.Debug|ARM.ActiveCfg = Debug|Any CPU
		{43ADE3AF-BDDD-4E8C-9D78-1C7FA51E5600}.Debug|ARM.Build.0 = Debug|Any CPU
		{43ADE3AF-BDDD-4E8C-9D78-1C7FA51E5600}.Debug|iPhone.ActiveCfg = Debug|Any CPU
		{43ADE3AF-BDDD-4E8C-9D78-1C7FA51E5600}.Debug|iPhone.Build.0 = Debug|Any CPU
		{43ADE3AF-BDDD-4E8C-9D78-1C7FA51E5600}.Debug|iPhoneSimulator.ActiveCfg = Debug|Any CPU
		{43ADE3AF-BDDD-4E8C-9D78-1C7FA51E5600}.Debug|iPhoneSimulator.Build.0 = Debug|Any CPU
		{43ADE3AF-BDDD-4E8C-9D78-1C7FA51E5600}.Debug|x64.ActiveCfg = Debug|Any CPU
		{43ADE3AF-BDDD-4E8C-9D78-1C7FA51E5600}.Debug|x64.Build.0 = Debug|Any CPU
		{43ADE3AF-BDDD-4E8C-9D78-1C7FA51E5600}.Debug|x86.ActiveCfg = Debug|Any CPU
		{43ADE3AF-BDDD-4E8C-9D78-1C7FA51E5600}.Debug|x86.Build.0 = Debug|Any CPU
		{43ADE3AF-BDDD-4E8C-9D78-1C7FA51E5600}.Release|Any CPU.ActiveCfg = Release|Any CPU
		{43ADE3AF-BDDD-4E8C-9D78-1C7FA51E5600}.Release|Any CPU.Build.0 = Release|Any CPU
		{43ADE3AF-BDDD-4E8C-9D78-1C7FA51E5600}.Release|ARM.ActiveCfg = Release|Any CPU
		{43ADE3AF-BDDD-4E8C-9D78-1C7FA51E5600}.Release|ARM.Build.0 = Release|Any CPU
		{43ADE3AF-BDDD-4E8C-9D78-1C7FA51E5600}.Release|iPhone.ActiveCfg = Release|Any CPU
		{43ADE3AF-BDDD-4E8C-9D78-1C7FA51E5600}.Release|iPhone.Build.0 = Release|Any CPU
		{43ADE3AF-BDDD-4E8C-9D78-1C7FA51E5600}.Release|iPhoneSimulator.ActiveCfg = Release|Any CPU
		{43ADE3AF-BDDD-4E8C-9D78-1C7FA51E5600}.Release|iPhoneSimulator.Build.0 = Release|Any CPU
		{43ADE3AF-BDDD-4E8C-9D78-1C7FA51E5600}.Release|x64.ActiveCfg = Release|Any CPU
		{43ADE3AF-BDDD-4E8C-9D78-1C7FA51E5600}.Release|x64.Build.0 = Release|Any CPU
		{43ADE3AF-BDDD-4E8C-9D78-1C7FA51E5600}.Release|x86.ActiveCfg = Release|Any CPU
		{43ADE3AF-BDDD-4E8C-9D78-1C7FA51E5600}.Release|x86.Build.0 = Release|Any CPU
	EndGlobalSection
	GlobalSection(SolutionProperties) = preSolution
		HideSolutionNode = FALSE
	EndGlobalSection
	GlobalSection(ExtensibilityGlobals) = postSolution
		SolutionGuid = {E18B82CC-86CC-4B28-890F-7B97D7467336}
	EndGlobalSection
EndGlobal
