
Microsoft Visual Studio Solution File, Format Version 12.00
# Visual Studio 15
VisualStudioVersion = 15.0.26730.15
MinimumVisualStudioVersion = 10.0.40219.1
Project("{FAE04EC0-301F-11D3-BF4B-00C04F79EFBC}") = "Tasky.Forms.Android", "Tasky.Forms\Tasky.Forms.Android\Tasky.Forms.Android.csproj", "{81740D27-FD49-4ED3-81C4-047F59C28E76}"
EndProject
Project("{FAE04EC0-301F-11D3-BF4B-00C04F79EFBC}") = "Tasky.Forms", "Tasky.Forms\Tasky.Forms\Tasky.Forms.csproj", "{22A38F06-F63A-4C71-9335-F39238BCAC62}"
EndProject
Project("{FAE04EC0-301F-11D3-BF4B-00C04F79EFBC}") = "Tasky.Forms.UWP", "Tasky.Forms\Tasky.Forms.UWP\Tasky.Forms.UWP.csproj", "{3176613D-339F-430C-8B87-EBA2AC7A9C62}"
EndProject
Project("{FAE04EC0-301F-11D3-BF4B-00C04F79EFBC}") = "Tasky.Forms.iOS", "Tasky.Forms\Tasky.Forms.iOS\Tasky.Forms.iOS.csproj", "{D317A7D5-5C70-4CBF-8F2A-72B1D7C9C057}"
EndProject
Project("{FAE04EC0-301F-11D3-BF4B-00C04F79EFBC}") = "Tasky.Shared", "..\Tasky\Tasky\Tasky\Tasky.Shared.csproj", "{43ADE3AF-BDDD-4E8C-9D78-1C7FA51E5600}"
EndProject
Global
	GlobalSection(SolutionConfigurationPlatforms) = preSolution
		Ad-Hoc|Any CPU = Ad-Hoc|Any CPU
		Ad-Hoc|ARM = Ad-Hoc|ARM
		Ad-Hoc|iPhone = Ad-Hoc|iPhone
		Ad-Hoc|iPhoneSimulator = Ad-Hoc|iPhoneSimulator
		Ad-Hoc|x64 = Ad-Hoc|x64
		Ad-Hoc|x86 = Ad-Hoc|x86
		AppStore|Any CPU = AppStore|Any CPU
		AppStore|ARM = AppStore|ARM
		AppStore|iPhone = AppStore|iPhone
		AppStore|iPhoneSimulator = AppStore|iPhoneSimulator
		AppStore|x64 = AppStore|x64
		AppStore|x86 = AppStore|x86
		Debug|Any CPU = Debug|Any CPU
		Debug|ARM = Debug|ARM
		Debug|iPhone = Debug|iPhone
		Debug|iPhoneSimulator = Debug|iPhoneSimulator
		Debug|x64 = Debug|x64
		Debug|x86 = Debug|x86
		Release|Any CPU = Release|Any CPU
		Release|ARM = Release|ARM
		Release|iPhone = Release|iPhone
		Release|iPhoneSimulator = Release|iPhoneSimulator
		Release|x64 = Release|x64
		Release|x86 = Release|x86
	EndGlobalSection
	GlobalSection(ProjectConfigurationPlatforms) = postSolution
		{81740D27-FD49-4ED3-81C4-047F59C28E76}.Ad-Hoc|Any CPU.ActiveCfg = Release|Any CPU
		{81740D27-FD49-4ED3-81C4-047F59C28E76}.Ad-Hoc|Any CPU.Build.0 = Release|Any CPU
		{81740D27-FD49-4ED3-81C4-047F59C28E76}.Ad-Hoc|Any CPU.Deploy.0 = Release|Any CPU
		{81740D27-FD49-4ED3-81C4-047F59C28E76}.Ad-Hoc|ARM.ActiveCfg = Release|Any CPU
		{81740D27-FD49-4ED3-81C4-047F59C28E76}.Ad-Hoc|ARM.Build.0 = Release|Any CPU
		{81740D27-FD49-4ED3-81C4-047F59C28E76}.Ad-Hoc|ARM.Deploy.0 = Release|Any CPU
		{81740D27-FD49-4ED3-81C4-047F59C28E76}.Ad-Hoc|iPhone.ActiveCfg = Release|Any CPU
		{81740D27-FD49-4ED3-81C4-047F59C28E76}.Ad-Hoc|iPhone.Build.0 = Release|Any CPU
		{81740D27-FD49-4ED3-81C4-047F59C28E76}.Ad-Hoc|iPhone.Deploy.0 = Release|Any CPU
		{81740D27-FD49-4ED3-81C4-047F59C28E76}.Ad-Hoc|iPhoneSimulator.ActiveCfg = Release|Any CPU
		{81740D27-FD49-4ED3-81C4-047F59C28E76}.Ad-Hoc|iPhoneSimulator.Build.0 = Release|Any CPU
		{81740D27-FD49-4ED3-81C4-047F59C28E76}.Ad-Hoc|iPhoneSimulator.Deploy.0 = Release|Any CPU
		{81740D27-FD49-4ED3-81C4-047F59C28E76}.Ad-Hoc|x64.ActiveCfg = Release|Any CPU
		{81740D27-FD49-4ED3-81C4-047F59C28E76}.Ad-Hoc|x64.Build.0 = Release|Any CPU
		{81740D27-FD49-4ED3-81C4-047F59C28E76}.Ad-Hoc|x64.Deploy.0 = Release|Any CPU
		{81740D27-FD49-4ED3-81C4-047F59C28E76}.Ad-Hoc|x86.ActiveCfg = Release|Any CPU
		{81740D27-FD49-4ED3-81C4-047F59C28E76}.Ad-Hoc|x86.Build.0 = Release|Any CPU
		{81740D27-FD49-4ED3-81C4-047F59C28E76}.Ad-Hoc|x86.Deploy.0 = Release|Any CPU
		{81740D27-FD49-4ED3-81C4-047F59C28E76}.AppStore|Any CPU.ActiveCfg = Release|Any CPU
		{81740D27-FD49-4ED3-81C4-047F59C28E76}.AppStore|Any CPU.Build.0 = Release|Any CPU
		{81740D27-FD49-4ED3-81C4-047F59C28E76}.AppStore|Any CPU.Deploy.0 = Release|Any CPU
		{81740D27-FD49-4ED3-81C4-047F59C28E76}.AppStore|ARM.ActiveCfg = Release|Any CPU
		{81740D27-FD49-4ED3-81C4-047F59C28E76}.AppStore|ARM.Build.0 = Release|Any CPU
		{81740D27-FD49-4ED3-81C4-047F59C28E76}.AppStore|ARM.Deploy.0 = Release|Any CPU
		{81740D27-FD49-4ED3-81C4-047F59C28E76}.AppStore|iPhone.ActiveCfg = Release|Any CPU
		{81740D27-FD49-4ED3-81C4-047F59C28E76}.AppStore|iPhone.Build.0 = Release|Any CPU
		{81740D27-FD49-4ED3-81C4-047F59C28E76}.AppStore|iPhone.Deploy.0 = Release|Any CPU
		{81740D27-FD49-4ED3-81C4-047F59C28E76}.AppStore|iPhoneSimulator.ActiveCfg = Release|Any CPU
		{81740D27-FD49-4ED3-81C4-047F59C28E76}.AppStore|iPhoneSimulator.Build.0 = Release|Any CPU
		{81740D27-FD49-4ED3-81C4-047F59C28E76}.AppStore|iPhoneSimulator.Deploy.0 = Release|Any CPU
		{81740D27-FD49-4ED3-81C4-047F59C28E76}.AppStore|x64.ActiveCfg = Release|Any CPU
		{81740D27-FD49-4ED3-81C4-047F59C28E76}.AppStore|x64.Build.0 = Release|Any CPU
		{81740D27-FD49-4ED3-81C4-047F59C28E76}.AppStore|x64.Deploy.0 = Release|Any CPU
		{81740D27-FD49-4ED3-81C4-047F59C28E76}.AppStore|x86.ActiveCfg = Release|Any CPU
		{81740D27-FD49-4ED3-81C4-047F59C28E76}.AppStore|x86.Build.0 = Release|Any CPU
		{81740D27-FD49-4ED3-81C4-047F59C28E76}.AppStore|x86.Deploy.0 = Release|Any CPU
		{81740D27-FD49-4ED3-81C4-047F59C28E76}.Debug|Any CPU.ActiveCfg = Debug|Any CPU
		{81740D27-FD49-4ED3-81C4-047F59C28E76}.Debug|Any CPU.Build.0 = Debug|Any CPU
		{81740D27-FD49-4ED3-81C4-047F59C28E76}.Debug|Any CPU.Deploy.0 = Debug|Any CPU
		{81740D27-FD49-4ED3-81C4-047F59C28E76}.Debug|ARM.ActiveCfg = Debug|Any CPU
		{81740D27-FD49-4ED3-81C4-047F59C28E76}.Debug|ARM.Build.0 = Debug|Any CPU
		{81740D27-FD49-4ED3-81C4-047F59C28E76}.Debug|ARM.Deploy.0 = Debug|Any CPU
		{81740D27-FD49-4ED3-81C4-047F59C28E76}.Debug|iPhone.ActiveCfg = Debug|Any CPU
		{81740D27-FD49-4ED3-81C4-047F59C28E76}.Debug|iPhone.Build.0 = Debug|Any CPU
		{81740D27-FD49-4ED3-81C4-047F59C28E76}.Debug|iPhone.Deploy.0 = Debug|Any CPU
		{81740D27-FD49-4ED3-81C4-047F59C28E76}.Debug|iPhoneSimulator.ActiveCfg = Debug|Any CPU
		{81740D27-FD49-4ED3-81C4-047F59C28E76}.Debug|iPhoneSimulator.Build.0 = Debug|Any CPU
		{81740D27-FD49-4ED3-81C4-047F59C28E76}.Debug|iPhoneSimulator.Deploy.0 = Debug|Any CPU
		{81740D27-FD49-4ED3-81C4-047F59C28E76}.Debug|x64.ActiveCfg = Debug|Any CPU
		{81740D27-FD49-4ED3-81C4-047F59C28E76}.Debug|x64.Build.0 = Debug|Any CPU
		{81740D27-FD49-4ED3-81C4-047F59C28E76}.Debug|x64.Deploy.0 = Debug|Any CPU
		{81740D27-FD49-4ED3-81C4-047F59C28E76}.Debug|x86.ActiveCfg = Debug|Any CPU
		{81740D27-FD49-4ED3-81C4-047F59C28E76}.Debug|x86.Build.0 = Debug|Any CPU
		{81740D27-FD49-4ED3-81C4-047F59C28E76}.Debug|x86.Deploy.0 = Debug|Any CPU
		{81740D27-FD49-4ED3-81C4-047F59C28E76}.Release|Any CPU.ActiveCfg = Release|Any CPU
		{81740D27-FD49-4ED3-81C4-047F59C28E76}.Release|Any CPU.Build.0 = Release|Any CPU
		{81740D27-FD49-4ED3-81C4-047F59C28E76}.Release|Any CPU.Deploy.0 = Release|Any CPU
		{81740D27-FD49-4ED3-81C4-047F59C28E76}.Release|ARM.ActiveCfg = Release|Any CPU
		{81740D27-FD49-4ED3-81C4-047F59C28E76}.Release|ARM.Build.0 = Release|Any CPU
		{81740D27-FD49-4ED3-81C4-047F59C28E76}.Release|ARM.Deploy.0 = Release|Any CPU
		{81740D27-FD49-4ED3-81C4-047F59C28E76}.Release|iPhone.ActiveCfg = Release|Any CPU
		{81740D27-FD49-4ED3-81C4-047F59C28E76}.Release|iPhone.Build.0 = Release|Any CPU
		{81740D27-FD49-4ED3-81C4-047F59C28E76}.Release|iPhone.Deploy.0 = Release|Any CPU
		{81740D27-FD49-4ED3-81C4-047F59C28E76}.Release|iPhoneSimulator.ActiveCfg = Release|Any CPU
		{81740D27-FD49-4ED3-81C4-047F59C28E76}.Release|iPhoneSimulator.Build.0 = Release|Any CPU
		{81740D27-FD49-4ED3-81C4-047F59C28E76}.Release|iPhoneSimulator.Deploy.0 = Release|Any CPU
		{81740D27-FD49-4ED3-81C4-047F59C28E76}.Release|x64.ActiveCfg = Release|Any CPU
		{81740D27-FD49-4ED3-81C4-047F59C28E76}.Release|x64.Build.0 = Release|Any CPU
		{81740D27-FD49-4ED3-81C4-047F59C28E76}.Release|x64.Deploy.0 = Release|Any CPU
		{81740D27-FD49-4ED3-81C4-047F59C28E76}.Release|x86.ActiveCfg = Release|Any CPU
		{81740D27-FD49-4ED3-81C4-047F59C28E76}.Release|x86.Build.0 = Release|Any CPU
		{81740D27-FD49-4ED3-81C4-047F59C28E76}.Release|x86.Deploy.0 = Release|Any CPU
		{22A38F06-F63A-4C71-9335-F39238BCAC62}.Ad-Hoc|Any CPU.ActiveCfg = Release|Any CPU
		{22A38F06-F63A-4C71-9335-F39238BCAC62}.Ad-Hoc|Any CPU.Build.0 = Release|Any CPU
		{22A38F06-F63A-4C71-9335-F39238BCAC62}.Ad-Hoc|ARM.ActiveCfg = Release|Any CPU
		{22A38F06-F63A-4C71-9335-F39238BCAC62}.Ad-Hoc|ARM.Build.0 = Release|Any CPU
		{22A38F06-F63A-4C71-9335-F39238BCAC62}.Ad-Hoc|iPhone.ActiveCfg = Release|Any CPU
		{22A38F06-F63A-4C71-9335-F39238BCAC62}.Ad-Hoc|iPhone.Build.0 = Release|Any CPU
		{22A38F06-F63A-4C71-9335-F39238BCAC62}.Ad-Hoc|iPhoneSimulator.ActiveCfg = Release|Any CPU
		{22A38F06-F63A-4C71-9335-F39238BCAC62}.Ad-Hoc|iPhoneSimulator.Build.0 = Release|Any CPU
		{22A38F06-F63A-4C71-9335-F39238BCAC62}.Ad-Hoc|x64.ActiveCfg = Release|Any CPU
		{22A38F06-F63A-4C71-9335-F39238BCAC62}.Ad-Hoc|x64.Build.0 = Release|Any CPU
		{22A38F06-F63A-4C71-9335-F39238BCAC62}.Ad-Hoc|x86.ActiveCfg = Release|Any CPU
		{22A38F06-F63A-4C71-9335-F39238BCAC62}.Ad-Hoc|x86.Build.0 = Release|Any CPU
		{22A38F06-F63A-4C71-9335-F39238BCAC62}.AppStore|Any CPU.ActiveCfg = Release|Any CPU
		{22A38F06-F63A-4C71-9335-F39238BCAC62}.AppStore|Any CPU.Build.0 = Release|Any CPU
		{22A38F06-F63A-4C71-9335-F39238BCAC62}.AppStore|ARM.ActiveCfg = Release|Any CPU
		{22A38F06-F63A-4C71-9335-F39238BCAC62}.AppStore|ARM.Build.0 = Release|Any CPU
		{22A38F06-F63A-4C71-9335-F39238BCAC62}.AppStore|iPhone.ActiveCfg = Release|Any CPU
		{22A38F06-F63A-4C71-9335-F39238BCAC62}.AppStore|iPhone.Build.0 = Release|Any CPU
		{22A38F06-F63A-4C71-9335-F39238BCAC62}.AppStore|iPhoneSimulator.ActiveCfg = Release|Any CPU
		{22A38F06-F63A-4C71-9335-F39238BCAC62}.AppStore|iPhoneSimulator.Build.0 = Release|Any CPU
		{22A38F06-F63A-4C71-9335-F39238BCAC62}.AppStore|x64.ActiveCfg = Release|Any CPU
		{22A38F06-F63A-4C71-9335-F39238BCAC62}.AppStore|x64.Build.0 = Release|Any CPU
		{22A38F06-F63A-4C71-9335-F39238BCAC62}.AppStore|x86.ActiveCfg = Release|Any CPU
		{22A38F06-F63A-4C71-9335-F39238BCAC62}.AppStore|x86.Build.0 = Release|Any CPU
		{22A38F06-F63A-4C71-9335-F39238BCAC62}.Debug|Any CPU.ActiveCfg = Debug|Any CPU
		{22A38F06-F63A-4C71-9335-F39238BCAC62}.Debug|Any CPU.Build.0 = Debug|Any CPU
		{22A38F06-F63A-4C71-9335-F39238BCAC62}.Debug|ARM.ActiveCfg = Debug|Any CPU
		{22A38F06-F63A-4C71-9335-F39238BCAC62}.Debug|ARM.Build.0 = Debug|Any CPU
		{22A38F06-F63A-4C71-9335-F39238BCAC62}.Debug|iPhone.ActiveCfg = Debug|Any CPU
		{22A38F06-F63A-4C71-9335-F39238BCAC62}.Debug|iPhone.Build.0 = Debug|Any CPU
		{22A38F06-F63A-4C71-9335-F39238BCAC62}.Debug|iPhoneSimulator.ActiveCfg = Debug|Any CPU
		{22A38F06-F63A-4C71-9335-F39238BCAC62}.Debug|iPhoneSimulator.Build.0 = Debug|Any CPU
		{22A38F06-F63A-4C71-9335-F39238BCAC62}.Debug|x64.ActiveCfg = Debug|Any CPU
		{22A38F06-F63A-4C71-9335-F39238BCAC62}.Debug|x64.Build.0 = Debug|Any CPU
		{22A38F06-F63A-4C71-9335-F39238BCAC62}.Debug|x86.ActiveCfg = Debug|Any CPU
		{22A38F06-F63A-4C71-9335-F39238BCAC62}.Debug|x86.Build.0 = Debug|Any CPU
		{22A38F06-F63A-4C71-9335-F39238BCAC62}.Release|Any CPU.ActiveCfg = Release|Any CPU
		{22A38F06-F63A-4C71-9335-F39238BCAC62}.Release|Any CPU.Build.0 = Release|Any CPU
		{22A38F06-F63A-4C71-9335-F39238BCAC62}.Release|ARM.ActiveCfg = Release|Any CPU
		{22A38F06-F63A-4C71-9335-F39238BCAC62}.Release|ARM.Build.0 = Release|Any CPU
		{22A38F06-F63A-4C71-9335-F39238BCAC62}.Release|iPhone.ActiveCfg = Release|Any CPU
		{22A38F06-F63A-4C71-9335-F39238BCAC62}.Release|iPhone.Build.0 = Release|Any CPU
		{22A38F06-F63A-4C71-9335-F39238BCAC62}.Release|iPhoneSimulator.ActiveCfg = Release|Any CPU
		{22A38F06-F63A-4C71-9335-F39238BCAC62}.Release|iPhoneSimulator.Build.0 = Release|Any CPU
		{22A38F06-F63A-4C71-9335-F39238BCAC62}.Release|x64.ActiveCfg = Release|Any CPU
		{22A38F06-F63A-4C71-9335-F39238BCAC62}.Release|x64.Build.0 = Release|Any CPU
		{22A38F06-F63A-4C71-9335-F39238BCAC62}.Release|x86.ActiveCfg = Release|Any CPU
		{22A38F06-F63A-4C71-9335-F39238BCAC62}.Release|x86.Build.0 = Release|Any CPU
		{3176613D-339F-430C-8B87-EBA2AC7A9C62}.Ad-Hoc|Any CPU.ActiveCfg = Release|x86
		{3176613D-339F-430C-8B87-EBA2AC7A9C62}.Ad-Hoc|Any CPU.Build.0 = Release|x86
		{3176613D-339F-430C-8B87-EBA2AC7A9C62}.Ad-Hoc|Any CPU.Deploy.0 = Release|x86
		{3176613D-339F-430C-8B87-EBA2AC7A9C62}.Ad-Hoc|ARM.ActiveCfg = Release|ARM
		{3176613D-339F-430C-8B87-EBA2AC7A9C62}.Ad-Hoc|ARM.Build.0 = Release|ARM
		{3176613D-339F-430C-8B87-EBA2AC7A9C62}.Ad-Hoc|ARM.Deploy.0 = Release|ARM
		{3176613D-339F-430C-8B87-EBA2AC7A9C62}.Ad-Hoc|iPhone.ActiveCfg = Release|x86
		{3176613D-339F-430C-8B87-EBA2AC7A9C62}.Ad-Hoc|iPhone.Build.0 = Release|x86
		{3176613D-339F-430C-8B87-EBA2AC7A9C62}.Ad-Hoc|iPhone.Deploy.0 = Release|x86
		{3176613D-339F-430C-8B87-EBA2AC7A9C62}.Ad-Hoc|iPhoneSimulator.ActiveCfg = Release|x86
		{3176613D-339F-430C-8B87-EBA2AC7A9C62}.Ad-Hoc|iPhoneSimulator.Build.0 = Release|x86
		{3176613D-339F-430C-8B87-EBA2AC7A9C62}.Ad-Hoc|iPhoneSimulator.Deploy.0 = Release|x86
		{3176613D-339F-430C-8B87-EBA2AC7A9C62}.Ad-Hoc|x64.ActiveCfg = Release|x64
		{3176613D-339F-430C-8B87-EBA2AC7A9C62}.Ad-Hoc|x64.Build.0 = Release|x64
		{3176613D-339F-430C-8B87-EBA2AC7A9C62}.Ad-Hoc|x64.Deploy.0 = Release|x64
		{3176613D-339F-430C-8B87-EBA2AC7A9C62}.Ad-Hoc|x86.ActiveCfg = Release|x86
		{3176613D-339F-430C-8B87-EBA2AC7A9C62}.Ad-Hoc|x86.Build.0 = Release|x86
		{3176613D-339F-430C-8B87-EBA2AC7A9C62}.Ad-Hoc|x86.Deploy.0 = Release|x86
		{3176613D-339F-430C-8B87-EBA2AC7A9C62}.AppStore|Any CPU.ActiveCfg = Release|x86
		{3176613D-339F-430C-8B87-EBA2AC7A9C62}.AppStore|Any CPU.Build.0 = Release|x86
		{3176613D-339F-430C-8B87-EBA2AC7A9C62}.AppStore|Any CPU.Deploy.0 = Release|x86
		{3176613D-339F-430C-8B87-EBA2AC7A9C62}.AppStore|ARM.ActiveCfg = Release|ARM
		{3176613D-339F-430C-8B87-EBA2AC7A9C62}.AppStore|ARM.Build.0 = Release|ARM
		{3176613D-339F-430C-8B87-EBA2AC7A9C62}.AppStore|ARM.Deploy.0 = Release|ARM
		{3176613D-339F-430C-8B87-EBA2AC7A9C62}.AppStore|iPhone.ActiveCfg = Release|x86
		{3176613D-339F-430C-8B87-EBA2AC7A9C62}.AppStore|iPhone.Build.0 = Release|x86
		{3176613D-339F-430C-8B87-EBA2AC7A9C62}.AppStore|iPhone.Deploy.0 = Release|x86
		{3176613D-339F-430C-8B87-EBA2AC7A9C62}.AppStore|iPhoneSimulator.ActiveCfg = Release|x86
		{3176613D-339F-430C-8B87-EBA2AC7A9C62}.AppStore|iPhoneSimulator.Build.0 = Release|x86
		{3176613D-339F-430C-8B87-EBA2AC7A9C62}.AppStore|iPhoneSimulator.Deploy.0 = Release|x86
		{3176613D-339F-430C-8B87-EBA2AC7A9C62}.AppStore|x64.ActiveCfg = Release|x64
		{3176613D-339F-430C-8B87-EBA2AC7A9C62}.AppStore|x64.Build.0 = Release|x64
		{3176613D-339F-430C-8B87-EBA2AC7A9C62}.AppStore|x64.Deploy.0 = Release|x64
		{3176613D-339F-430C-8B87-EBA2AC7A9C62}.AppStore|x86.ActiveCfg = Release|x86
		{3176613D-339F-430C-8B87-EBA2AC7A9C62}.AppStore|x86.Build.0 = Release|x86
		{3176613D-339F-430C-8B87-EBA2AC7A9C62}.AppStore|x86.Deploy.0 = Release|x86
		{3176613D-339F-430C-8B87-EBA2AC7A9C62}.Debug|Any CPU.ActiveCfg = Debug|x86
		{3176613D-339F-430C-8B87-EBA2AC7A9C62}.Debug|ARM.ActiveCfg = Debug|ARM
		{3176613D-339F-430C-8B87-EBA2AC7A9C62}.Debug|ARM.Build.0 = Debug|ARM
		{3176613D-339F-430C-8B87-EBA2AC7A9C62}.Debug|ARM.Deploy.0 = Debug|ARM
		{3176613D-339F-430C-8B87-EBA2AC7A9C62}.Debug|iPhone.ActiveCfg = Debug|x86
		{3176613D-339F-430C-8B87-EBA2AC7A9C62}.Debug|iPhoneSimulator.ActiveCfg = Debug|x86
		{3176613D-339F-430C-8B87-EBA2AC7A9C62}.Debug|x64.ActiveCfg = Debug|x64
		{3176613D-339F-430C-8B87-EBA2AC7A9C62}.Debug|x64.Build.0 = Debug|x64
		{3176613D-339F-430C-8B87-EBA2AC7A9C62}.Debug|x64.Deploy.0 = Debug|x64
		{3176613D-339F-430C-8B87-EBA2AC7A9C62}.Debug|x86.ActiveCfg = Debug|x86
		{3176613D-339F-430C-8B87-EBA2AC7A9C62}.Debug|x86.Build.0 = Debug|x86
		{3176613D-339F-430C-8B87-EBA2AC7A9C62}.Debug|x86.Deploy.0 = Debug|x86
		{3176613D-339F-430C-8B87-EBA2AC7A9C62}.Release|Any CPU.ActiveCfg = Release|x86
		{3176613D-339F-430C-8B87-EBA2AC7A9C62}.Release|ARM.ActiveCfg = Release|ARM
		{3176613D-339F-430C-8B87-EBA2AC7A9C62}.Release|ARM.Build.0 = Release|ARM
		{3176613D-339F-430C-8B87-EBA2AC7A9C62}.Release|ARM.Deploy.0 = Release|ARM
		{3176613D-339F-430C-8B87-EBA2AC7A9C62}.Release|iPhone.ActiveCfg = Release|x86
		{3176613D-339F-430C-8B87-EBA2AC7A9C62}.Release|iPhoneSimulator.ActiveCfg = Release|x86
		{3176613D-339F-430C-8B87-EBA2AC7A9C62}.Release|x64.ActiveCfg = Release|x64
		{3176613D-339F-430C-8B87-EBA2AC7A9C62}.Release|x64.Build.0 = Release|x64
		{3176613D-339F-430C-8B87-EBA2AC7A9C62}.Release|x64.Deploy.0 = Release|x64
		{3176613D-339F-430C-8B87-EBA2AC7A9C62}.Release|x86.ActiveCfg = Release|x86
		{3176613D-339F-430C-8B87-EBA2AC7A9C62}.Release|x86.Build.0 = Release|x86
		{3176613D-339F-430C-8B87-EBA2AC7A9C62}.Release|x86.Deploy.0 = Release|x86
		{D317A7D5-5C70-4CBF-8F2A-72B1D7C9C057}.Ad-Hoc|Any CPU.ActiveCfg = Ad-Hoc|iPhone
		{D317A7D5-5C70-4CBF-8F2A-72B1D7C9C057}.Ad-Hoc|ARM.ActiveCfg = Ad-Hoc|iPhone
		{D317A7D5-5C70-4CBF-8F2A-72B1D7C9C057}.Ad-Hoc|iPhone.ActiveCfg = Ad-Hoc|iPhone
		{D317A7D5-5C70-4CBF-8F2A-72B1D7C9C057}.Ad-Hoc|iPhone.Build.0 = Ad-Hoc|iPhone
		{D317A7D5-5C70-4CBF-8F2A-72B1D7C9C057}.Ad-Hoc|iPhoneSimulator.ActiveCfg = Ad-Hoc|iPhoneSimulator
		{D317A7D5-5C70-4CBF-8F2A-72B1D7C9C057}.Ad-Hoc|iPhoneSimulator.Build.0 = Ad-Hoc|iPhoneSimulator
		{D317A7D5-5C70-4CBF-8F2A-72B1D7C9C057}.Ad-Hoc|x64.ActiveCfg = Ad-Hoc|iPhone
		{D317A7D5-5C70-4CBF-8F2A-72B1D7C9C057}.Ad-Hoc|x86.ActiveCfg = Ad-Hoc|iPhone
		{D317A7D5-5C70-4CBF-8F2A-72B1D7C9C057}.AppStore|Any CPU.ActiveCfg = AppStore|iPhone
		{D317A7D5-5C70-4CBF-8F2A-72B1D7C9C057}.AppStore|ARM.ActiveCfg = AppStore|iPhone
		{D317A7D5-5C70-4CBF-8F2A-72B1D7C9C057}.AppStore|iPhone.ActiveCfg = AppStore|iPhone
		{D317A7D5-5C70-4CBF-8F2A-72B1D7C9C057}.AppStore|iPhone.Build.0 = AppStore|iPhone
		{D317A7D5-5C70-4CBF-8F2A-72B1D7C9C057}.AppStore|iPhoneSimulator.ActiveCfg = AppStore|iPhoneSimulator
		{D317A7D5-5C70-4CBF-8F2A-72B1D7C9C057}.AppStore|iPhoneSimulator.Build.0 = AppStore|iPhoneSimulator
		{D317A7D5-5C70-4CBF-8F2A-72B1D7C9C057}.AppStore|x64.ActiveCfg = AppStore|iPhone
		{D317A7D5-5C70-4CBF-8F2A-72B1D7C9C057}.AppStore|x86.ActiveCfg = AppStore|iPhone
		{D317A7D5-5C70-4CBF-8F2A-72B1D7C9C057}.Debug|Any CPU.ActiveCfg = Debug|iPhone
		{D317A7D5-5C70-4CBF-8F2A-72B1D7C9C057}.Debug|ARM.ActiveCfg = Debug|iPhone
		{D317A7D5-5C70-4CBF-8F2A-72B1D7C9C057}.Debug|iPhone.ActiveCfg = Debug|iPhone
		{D317A7D5-5C70-4CBF-8F2A-72B1D7C9C057}.Debug|iPhone.Build.0 = Debug|iPhone
		{D317A7D5-5C70-4CBF-8F2A-72B1D7C9C057}.Debug|iPhoneSimulator.ActiveCfg = Debug|iPhoneSimulator
		{D317A7D5-5C70-4CBF-8F2A-72B1D7C9C057}.Debug|iPhoneSimulator.Build.0 = Debug|iPhoneSimulator
		{D317A7D5-5C70-4CBF-8F2A-72B1D7C9C057}.Debug|x64.ActiveCfg = Debug|iPhone
		{D317A7D5-5C70-4CBF-8F2A-72B1D7C9C057}.Debug|x86.ActiveCfg = Debug|iPhone
		{D317A7D5-5C70-4CBF-8F2A-72B1D7C9C057}.Release|Any CPU.ActiveCfg = Release|iPhone
		{D317A7D5-5C70-4CBF-8F2A-72B1D7C9C057}.Release|ARM.ActiveCfg = Release|iPhone
		{D317A7D5-5C70-4CBF-8F2A-72B1D7C9C057}.Release|iPhone.ActiveCfg = Release|iPhone
		{D317A7D5-5C70-4CBF-8F2A-72B1D7C9C057}.Release|iPhone.Build.0 = Release|iPhone
		{D317A7D5-5C70-4CBF-8F2A-72B1D7C9C057}.Release|iPhoneSimulator.ActiveCfg = Release|iPhoneSimulator
		{D317A7D5-5C70-4CBF-8F2A-72B1D7C9C057}.Release|iPhoneSimulator.Build.0 = Release|iPhoneSimulator
		{D317A7D5-5C70-4CBF-8F2A-72B1D7C9C057}.Release|x64.ActiveCfg = Release|iPhone
		{D317A7D5-5C70-4CBF-8F2A-72B1D7C9C057}.Release|x86.ActiveCfg = Release|iPhone
		{43ADE3AF-BDDD-4E8C-9D78-1C7FA51E5600}.Ad-Hoc|Any CPU.ActiveCfg = Release|Any CPU
		{43ADE3AF-BDDD-4E8C-9D78-1C7FA51E5600}.Ad-Hoc|Any CPU.Build.0 = Release|Any CPU
		{43ADE3AF-BDDD-4E8C-9D78-1C7FA51E5600}.Ad-Hoc|ARM.ActiveCfg = Release|Any CPU
		{43ADE3AF-BDDD-4E8C-9D78-1C7FA51E5600}.Ad-Hoc|ARM.Build.0 = Release|Any CPU
		{43ADE3AF-BDDD-4E8C-9D78-1C7FA51E5600}.Ad-Hoc|iPhone.ActiveCfg = Release|Any CPU
		{43ADE3AF-BDDD-4E8C-9D78-1C7FA51E5600}.Ad-Hoc|iPhone.Build.0 = Release|Any CPU
		{43ADE3AF-BDDD-4E8C-9D78-1C7FA51E5600}.Ad-Hoc|iPhoneSimulator.ActiveCfg = Release|Any CPU
		{43ADE3AF-BDDD-4E8C-9D78-1C7FA51E5600}.Ad-Hoc|iPhoneSimulator.Build.0 = Release|Any CPU
		{43ADE3AF-BDDD-4E8C-9D78-1C7FA51E5600}.Ad-Hoc|x64.ActiveCfg = Release|Any CPU
		{43ADE3AF-BDDD-4E8C-9D78-1C7FA51E5600}.Ad-Hoc|x64.Build.0 = Release|Any CPU
		{43ADE3AF-BDDD-4E8C-9D78-1C7FA51E5600}.Ad-Hoc|x86.ActiveCfg = Release|Any CPU
		{43ADE3AF-BDDD-4E8C-9D78-1C7FA51E5600}.Ad-Hoc|x86.Build.0 = Release|Any CPU
		{43ADE3AF-BDDD-4E8C-9D78-1C7FA51E5600}.AppStore|Any CPU.ActiveCfg = Release|Any CPU
		{43ADE3AF-BDDD-4E8C-9D78-1C7FA51E5600}.AppStore|Any CPU.Build.0 = Release|Any CPU
		{43ADE3AF-BDDD-4E8C-9D78-1C7FA51E5600}.AppStore|ARM.ActiveCfg = Release|Any CPU
		{43ADE3AF-BDDD-4E8C-9D78-1C7FA51E5600}.AppStore|ARM.Build.0 = Release|Any CPU
		{43ADE3AF-BDDD-4E8C-9D78-1C7FA51E5600}.AppStore|iPhone.ActiveCfg = Release|Any CPU
		{43ADE3AF-BDDD-4E8C-9D78-1C7FA51E5600}.AppStore|iPhone.Build.0 = Release|Any CPU
		{43ADE3AF-BDDD-4E8C-9D78-1C7FA51E5600}.AppStore|iPhoneSimulator.ActiveCfg = Release|Any CPU
		{43ADE3AF-BDDD-4E8C-9D78-1C7FA51E5600}.AppStore|iPhoneSimulator.Build.0 = Release|Any CPU
		{43ADE3AF-BDDD-4E8C-9D78-1C7FA51E5600}.AppStore|x64.ActiveCfg = Release|Any CPU
		{43ADE3AF-BDDD-4E8C-9D78-1C7FA51E5600}.AppStore|x64.Build.0 = Release|Any CPU
		{43ADE3AF-BDDD-4E8C-9D78-1C7FA51E5600}.AppStore|x86.ActiveCfg = Release|Any CPU
		{43ADE3AF-BDDD-4E8C-9D78-1C7FA51E5600}.AppStore|x86.Build.0 = Release|Any CPU
		{43ADE3AF-BDDD-4E8C-9D78-1C7FA51E5600}.Debug|Any CPU.ActiveCfg = Debug|Any CPU
		{43ADE3AF-BDDD-4E8C-9D78-1C7FA51E5600}.Debug|Any CPU.Build.0 = Debug|Any CPU
		{43ADE3AF-BDDD-4E8C-9D78-1C7FA51E5600}.Debug|ARM.ActiveCfg = Debug|Any CPU
		{43ADE3AF-BDDD-4E8C-9D78-1C7FA51E5600}.Debug|ARM.Build.0 = Debug|Any CPU
		{43ADE3AF-BDDD-4E8C-9D78-1C7FA51E5600}.Debug|iPhone.ActiveCfg = Debug|Any CPU
		{43ADE3AF-BDDD-4E8C-9D78-1C7FA51E5600}.Debug|iPhone.Build.0 = Debug|Any CPU
		{43ADE3AF-BDDD-4E8C-9D78-1C7FA51E5600}.Debug|iPhoneSimulator.ActiveCfg = Debug|Any CPU
		{43ADE3AF-BDDD-4E8C-9D78-1C7FA51E5600}.Debug|iPhoneSimulator.Build.0 = Debug|Any CPU
		{43ADE3AF-BDDD-4E8C-9D78-1C7FA51E5600}.Debug|x64.ActiveCfg = Debug|Any CPU
		{43ADE3AF-BDDD-4E8C-9D78-1C7FA51E5600}.Debug|x64.Build.0 = Debug|Any CPU
		{43ADE3AF-BDDD-4E8C-9D78-1C7FA51E5600}.Debug|x86.ActiveCfg = Debug|Any CPU
		{43ADE3AF-BDDD-4E8C-9D78-1C7FA51E5600}.Debug|x86.Build.0 = Debug|Any CPU
		{43ADE3AF-BDDD-4E8C-9D78-1C7FA51E5600}.Release|Any CPU.ActiveCfg = Release|Any CPU
		{43ADE3AF-BDDD-4E8C-9D78-1C7FA51E5600}.Release|Any CPU.Build.0 = Release|Any CPU
		{43ADE3AF-BDDD-4E8C-9D78-1C7FA51E5600}.Release|ARM.ActiveCfg = Release|Any CPU
		{43ADE3AF-BDDD-4E8C-9D78-1C7FA51E5600}.Release|ARM.Build.0 = Release|Any CPU
		{43ADE3AF-BDDD-4E8C-9D78-1C7FA51E5600}.Release|iPhone.ActiveCfg = Release|Any CPU
		{43ADE3AF-BDDD-4E8C-9D78-1C7FA51E5600}.Release|iPhone.Build.0 = Release|Any CPU
		{43ADE3AF-BDDD-4E8C-9D78-1C7FA51E5600}.Release|iPhoneSimulator.ActiveCfg = Release|Any CPU
		{43ADE3AF-BDDD-4E8C-9D78-1C7FA51E5600}.Release|iPhoneSimulator.Build.0 = Release|Any CPU
		{43ADE3AF-BDDD-4E8C-9D78-1C7FA51E5600}.Release|x64.ActiveCfg = Release|Any CPU
		{43ADE3AF-BDDD-4E8C-9D78-1C7FA51E5600}.Release|x64.Build.0 = Release|Any CPU
		{43ADE3AF-BDDD-4E8C-9D78-1C7FA51E5600}.Release|x86.ActiveCfg = Release|Any CPU
		{43ADE3AF-BDDD-4E8C-9D78-1C7FA51E5600}.Release|x86.Build.0 = Release|Any CPU
	EndGlobalSection
	GlobalSection(SolutionProperties) = preSolution
		HideSolutionNode = FALSE
	EndGlobalSection
	GlobalSection(ExtensibilityGlobals) = postSolution
		SolutionGuid = {9D050E45-B7EE-432F-8132-FCB619DAB1B2}
	EndGlobalSection
EndGlobal
